
Microsoft Visual Studio Solution File, Format Version 12.00
# Visual Studio 15
VisualStudioVersion = 15.0.27130.2036
MinimumVisualStudioVersion = 10.0.40219.1
Project("{2150E333-8FDC-42A3-9474-1A3956D46DE8}") = "Solution Items", "Solution Items", "{01DEC9E0-EDE3-470D-B395-9CB29BE212E3}"
	ProjectSection(SolutionItems) = preProject
		..\.gitignore = ..\.gitignore
		..\build.cake = ..\build.cake
		..\build.ps1 = ..\build.ps1
		..\codeanalysis.ruleset = ..\codeanalysis.ruleset
		..\LICENSE = ..\LICENSE
		..\README.md = ..\README.md
		..\release.ps1 = ..\release.ps1
		..\version.ps1 = ..\version.ps1
	EndProjectSection
EndProject
Project("{9A19103F-16F7-4668-BE54-9A1E7A4F7556}") = "Evelyn.Core", "Evelyn.Core\Evelyn.Core.csproj", "{F177D3F9-8709-43A2-96C9-57C05CA490C4}"
EndProject
Project("{9A19103F-16F7-4668-BE54-9A1E7A4F7556}") = "Evelyn.Core.Tests", "Evelyn.Core.Tests\Evelyn.Core.Tests.csproj", "{3584F45E-AE66-4260-A1D4-0FF8F0848D6A}"
EndProject
Project("{9A19103F-16F7-4668-BE54-9A1E7A4F7556}") = "Evelyn.Management.Api.Rest", "Evelyn.Management.Api.Rest\Evelyn.Management.Api.Rest.csproj", "{A6293FF9-DA3A-48C6-AA84-C2D165229C5A}"
EndProject
Project("{9A19103F-16F7-4668-BE54-9A1E7A4F7556}") = "Evelyn.Management.Api.Rest.Tests", "Evelyn.Management.Api.Rest.Tests\Evelyn.Management.Api.Rest.Tests.csproj", "{EFB2EB74-F16A-4751-9980-1ACA3212AFE8}"
EndProject
Project("{9A19103F-16F7-4668-BE54-9A1E7A4F7556}") = "Evelyn.Management.Api.Rest.IntegrationTests", "Evelyn.Management.Api.Rest.IntegrationTests\Evelyn.Management.Api.Rest.IntegrationTests.csproj", "{A0844A49-2AAA-4D38-831C-86FD2CB810DB}"
EndProject
Project("{9A19103F-16F7-4668-BE54-9A1E7A4F7556}") = "Evelyn.Storage.EventStore", "Evelyn.Storage.EventStore\Evelyn.Storage.EventStore.csproj", "{A3E06920-F41A-4349-9F52-BFB3E212583A}"
EndProject
Project("{9A19103F-16F7-4668-BE54-9A1E7A4F7556}") = "Evelyn.Storage.EventStore.Tests", "Evelyn.Storage.EventStore.Tests\Evelyn.Storage.EventStore.Tests.csproj", "{4D014EA9-4CB0-4CF5-A076-3A3DD143A2CF}"
EndProject
Project("{9A19103F-16F7-4668-BE54-9A1E7A4F7556}") = "Evelyn.Client.Rest", "Evelyn.Client.Rest\Evelyn.Client.Rest.csproj", "{C9507263-12EC-4DA1-9ABE-2B566531F7D1}"
EndProject
Project("{2150E333-8FDC-42A3-9474-1A3956D46DE8}") = "Samples", "Samples", "{5959B55F-7401-4D85-A629-B81B974119A2}"
EndProject
Project("{9A19103F-16F7-4668-BE54-9A1E7A4F7556}") = "Evelyn.Client.Host", "Evelyn.Client.Host\Evelyn.Client.Host.csproj", "{64DB2DBE-9BF4-478A-B90F-CBE8D49C96DB}"
EndProject
Project("{9A19103F-16F7-4668-BE54-9A1E7A4F7556}") = "Evelyn.Client", "Evelyn.Client\Evelyn.Client.csproj", "{7141F290-DD46-4F70-B881-CC08023CA57F}"
EndProject
Project("{9A19103F-16F7-4668-BE54-9A1E7A4F7556}") = "Evelyn.Client.Tests", "Evelyn.Client.Tests\Evelyn.Client.Tests.csproj", "{5B3EBD7E-3618-456C-9C08-CD9AC259CC59}"
EndProject
Project("{9A19103F-16F7-4668-BE54-9A1E7A4F7556}") = "Evelyn.Server.Host", "Evelyn.Server.Host\Evelyn.Server.Host.csproj", "{941854DE-1C17-4C13-B82B-ED2CCB0559A3}"
EndProject
Project("{E53339B2-1760-4266-BCC7-CA923CBCF16C}") = "docker-compose", "docker-compose.dcproj", "{E00A5214-1F80-4FAC-A968-1B1EAAF03EAA}"
EndProject
Global
	GlobalSection(SolutionConfigurationPlatforms) = preSolution
		Debug|Any CPU = Debug|Any CPU
		Debug|x64 = Debug|x64
		Debug|x86 = Debug|x86
		Debug-xPlatform|Any CPU = Debug-xPlatform|Any CPU
		Debug-xPlatform|x64 = Debug-xPlatform|x64
		Debug-xPlatform|x86 = Debug-xPlatform|x86
		Release|Any CPU = Release|Any CPU
		Release|x64 = Release|x64
		Release|x86 = Release|x86
		Release-xPlatform|Any CPU = Release-xPlatform|Any CPU
		Release-xPlatform|x64 = Release-xPlatform|x64
		Release-xPlatform|x86 = Release-xPlatform|x86
	EndGlobalSection
	GlobalSection(ProjectConfigurationPlatforms) = postSolution
		{F177D3F9-8709-43A2-96C9-57C05CA490C4}.Debug|Any CPU.ActiveCfg = Debug|Any CPU
		{F177D3F9-8709-43A2-96C9-57C05CA490C4}.Debug|Any CPU.Build.0 = Debug|Any CPU
		{F177D3F9-8709-43A2-96C9-57C05CA490C4}.Debug|x64.ActiveCfg = Debug|Any CPU
		{F177D3F9-8709-43A2-96C9-57C05CA490C4}.Debug|x64.Build.0 = Debug|Any CPU
		{F177D3F9-8709-43A2-96C9-57C05CA490C4}.Debug|x86.ActiveCfg = Debug|Any CPU
		{F177D3F9-8709-43A2-96C9-57C05CA490C4}.Debug|x86.Build.0 = Debug|Any CPU
		{F177D3F9-8709-43A2-96C9-57C05CA490C4}.Debug-xPlatform|Any CPU.ActiveCfg = Debug-xPlatform|Any CPU
		{F177D3F9-8709-43A2-96C9-57C05CA490C4}.Debug-xPlatform|Any CPU.Build.0 = Debug-xPlatform|Any CPU
		{F177D3F9-8709-43A2-96C9-57C05CA490C4}.Debug-xPlatform|x64.ActiveCfg = Debug-xPlatform|Any CPU
		{F177D3F9-8709-43A2-96C9-57C05CA490C4}.Debug-xPlatform|x64.Build.0 = Debug-xPlatform|Any CPU
		{F177D3F9-8709-43A2-96C9-57C05CA490C4}.Debug-xPlatform|x86.ActiveCfg = Debug-xPlatform|Any CPU
		{F177D3F9-8709-43A2-96C9-57C05CA490C4}.Debug-xPlatform|x86.Build.0 = Debug-xPlatform|Any CPU
		{F177D3F9-8709-43A2-96C9-57C05CA490C4}.Release|Any CPU.ActiveCfg = Release|Any CPU
		{F177D3F9-8709-43A2-96C9-57C05CA490C4}.Release|Any CPU.Build.0 = Release|Any CPU
		{F177D3F9-8709-43A2-96C9-57C05CA490C4}.Release|x64.ActiveCfg = Release|Any CPU
		{F177D3F9-8709-43A2-96C9-57C05CA490C4}.Release|x64.Build.0 = Release|Any CPU
		{F177D3F9-8709-43A2-96C9-57C05CA490C4}.Release|x86.ActiveCfg = Release|Any CPU
		{F177D3F9-8709-43A2-96C9-57C05CA490C4}.Release|x86.Build.0 = Release|Any CPU
		{F177D3F9-8709-43A2-96C9-57C05CA490C4}.Release-xPlatform|Any CPU.ActiveCfg = Release-xPlatform|Any CPU
		{F177D3F9-8709-43A2-96C9-57C05CA490C4}.Release-xPlatform|Any CPU.Build.0 = Release-xPlatform|Any CPU
		{F177D3F9-8709-43A2-96C9-57C05CA490C4}.Release-xPlatform|x64.ActiveCfg = Release-xPlatform|Any CPU
		{F177D3F9-8709-43A2-96C9-57C05CA490C4}.Release-xPlatform|x64.Build.0 = Release-xPlatform|Any CPU
		{F177D3F9-8709-43A2-96C9-57C05CA490C4}.Release-xPlatform|x86.ActiveCfg = Release-xPlatform|Any CPU
		{F177D3F9-8709-43A2-96C9-57C05CA490C4}.Release-xPlatform|x86.Build.0 = Release-xPlatform|Any CPU
		{3584F45E-AE66-4260-A1D4-0FF8F0848D6A}.Debug|Any CPU.ActiveCfg = Debug|Any CPU
		{3584F45E-AE66-4260-A1D4-0FF8F0848D6A}.Debug|Any CPU.Build.0 = Debug|Any CPU
		{3584F45E-AE66-4260-A1D4-0FF8F0848D6A}.Debug|x64.ActiveCfg = Debug|Any CPU
		{3584F45E-AE66-4260-A1D4-0FF8F0848D6A}.Debug|x64.Build.0 = Debug|Any CPU
		{3584F45E-AE66-4260-A1D4-0FF8F0848D6A}.Debug|x86.ActiveCfg = Debug|Any CPU
		{3584F45E-AE66-4260-A1D4-0FF8F0848D6A}.Debug|x86.Build.0 = Debug|Any CPU
		{3584F45E-AE66-4260-A1D4-0FF8F0848D6A}.Debug-xPlatform|Any CPU.ActiveCfg = Debug-xPlatform|Any CPU
		{3584F45E-AE66-4260-A1D4-0FF8F0848D6A}.Debug-xPlatform|Any CPU.Build.0 = Debug-xPlatform|Any CPU
		{3584F45E-AE66-4260-A1D4-0FF8F0848D6A}.Debug-xPlatform|x64.ActiveCfg = Debug-xPlatform|Any CPU
		{3584F45E-AE66-4260-A1D4-0FF8F0848D6A}.Debug-xPlatform|x64.Build.0 = Debug-xPlatform|Any CPU
		{3584F45E-AE66-4260-A1D4-0FF8F0848D6A}.Debug-xPlatform|x86.ActiveCfg = Debug-xPlatform|Any CPU
		{3584F45E-AE66-4260-A1D4-0FF8F0848D6A}.Debug-xPlatform|x86.Build.0 = Debug-xPlatform|Any CPU
		{3584F45E-AE66-4260-A1D4-0FF8F0848D6A}.Release|Any CPU.ActiveCfg = Release|Any CPU
		{3584F45E-AE66-4260-A1D4-0FF8F0848D6A}.Release|Any CPU.Build.0 = Release|Any CPU
		{3584F45E-AE66-4260-A1D4-0FF8F0848D6A}.Release|x64.ActiveCfg = Release|Any CPU
		{3584F45E-AE66-4260-A1D4-0FF8F0848D6A}.Release|x64.Build.0 = Release|Any CPU
		{3584F45E-AE66-4260-A1D4-0FF8F0848D6A}.Release|x86.ActiveCfg = Release|Any CPU
		{3584F45E-AE66-4260-A1D4-0FF8F0848D6A}.Release|x86.Build.0 = Release|Any CPU
		{3584F45E-AE66-4260-A1D4-0FF8F0848D6A}.Release-xPlatform|Any CPU.ActiveCfg = Release-xPlatform|Any CPU
		{3584F45E-AE66-4260-A1D4-0FF8F0848D6A}.Release-xPlatform|Any CPU.Build.0 = Release-xPlatform|Any CPU
		{3584F45E-AE66-4260-A1D4-0FF8F0848D6A}.Release-xPlatform|x64.ActiveCfg = Release-xPlatform|Any CPU
		{3584F45E-AE66-4260-A1D4-0FF8F0848D6A}.Release-xPlatform|x64.Build.0 = Release-xPlatform|Any CPU
		{3584F45E-AE66-4260-A1D4-0FF8F0848D6A}.Release-xPlatform|x86.ActiveCfg = Release-xPlatform|Any CPU
		{3584F45E-AE66-4260-A1D4-0FF8F0848D6A}.Release-xPlatform|x86.Build.0 = Release-xPlatform|Any CPU
		{A6293FF9-DA3A-48C6-AA84-C2D165229C5A}.Debug|Any CPU.ActiveCfg = Debug|Any CPU
		{A6293FF9-DA3A-48C6-AA84-C2D165229C5A}.Debug|Any CPU.Build.0 = Debug|Any CPU
		{A6293FF9-DA3A-48C6-AA84-C2D165229C5A}.Debug|x64.ActiveCfg = Debug|Any CPU
		{A6293FF9-DA3A-48C6-AA84-C2D165229C5A}.Debug|x64.Build.0 = Debug|Any CPU
		{A6293FF9-DA3A-48C6-AA84-C2D165229C5A}.Debug|x86.ActiveCfg = Debug|Any CPU
		{A6293FF9-DA3A-48C6-AA84-C2D165229C5A}.Debug|x86.Build.0 = Debug|Any CPU
		{A6293FF9-DA3A-48C6-AA84-C2D165229C5A}.Debug-xPlatform|Any CPU.ActiveCfg = Debug-xPlatform|Any CPU
		{A6293FF9-DA3A-48C6-AA84-C2D165229C5A}.Debug-xPlatform|Any CPU.Build.0 = Debug-xPlatform|Any CPU
		{A6293FF9-DA3A-48C6-AA84-C2D165229C5A}.Debug-xPlatform|x64.ActiveCfg = Debug-xPlatform|Any CPU
		{A6293FF9-DA3A-48C6-AA84-C2D165229C5A}.Debug-xPlatform|x64.Build.0 = Debug-xPlatform|Any CPU
		{A6293FF9-DA3A-48C6-AA84-C2D165229C5A}.Debug-xPlatform|x86.ActiveCfg = Debug-xPlatform|Any CPU
		{A6293FF9-DA3A-48C6-AA84-C2D165229C5A}.Debug-xPlatform|x86.Build.0 = Debug-xPlatform|Any CPU
		{A6293FF9-DA3A-48C6-AA84-C2D165229C5A}.Release|Any CPU.ActiveCfg = Release|Any CPU
		{A6293FF9-DA3A-48C6-AA84-C2D165229C5A}.Release|Any CPU.Build.0 = Release|Any CPU
		{A6293FF9-DA3A-48C6-AA84-C2D165229C5A}.Release|x64.ActiveCfg = Release|Any CPU
		{A6293FF9-DA3A-48C6-AA84-C2D165229C5A}.Release|x64.Build.0 = Release|Any CPU
		{A6293FF9-DA3A-48C6-AA84-C2D165229C5A}.Release|x86.ActiveCfg = Release|Any CPU
		{A6293FF9-DA3A-48C6-AA84-C2D165229C5A}.Release|x86.Build.0 = Release|Any CPU
		{A6293FF9-DA3A-48C6-AA84-C2D165229C5A}.Release-xPlatform|Any CPU.ActiveCfg = Release-xPlatform|Any CPU
		{A6293FF9-DA3A-48C6-AA84-C2D165229C5A}.Release-xPlatform|Any CPU.Build.0 = Release-xPlatform|Any CPU
		{A6293FF9-DA3A-48C6-AA84-C2D165229C5A}.Release-xPlatform|x64.ActiveCfg = Release-xPlatform|Any CPU
		{A6293FF9-DA3A-48C6-AA84-C2D165229C5A}.Release-xPlatform|x64.Build.0 = Release-xPlatform|Any CPU
		{A6293FF9-DA3A-48C6-AA84-C2D165229C5A}.Release-xPlatform|x86.ActiveCfg = Release-xPlatform|Any CPU
		{A6293FF9-DA3A-48C6-AA84-C2D165229C5A}.Release-xPlatform|x86.Build.0 = Release-xPlatform|Any CPU
		{EFB2EB74-F16A-4751-9980-1ACA3212AFE8}.Debug|Any CPU.ActiveCfg = Debug|Any CPU
		{EFB2EB74-F16A-4751-9980-1ACA3212AFE8}.Debug|Any CPU.Build.0 = Debug|Any CPU
		{EFB2EB74-F16A-4751-9980-1ACA3212AFE8}.Debug|x64.ActiveCfg = Debug|Any CPU
		{EFB2EB74-F16A-4751-9980-1ACA3212AFE8}.Debug|x64.Build.0 = Debug|Any CPU
		{EFB2EB74-F16A-4751-9980-1ACA3212AFE8}.Debug|x86.ActiveCfg = Debug|Any CPU
		{EFB2EB74-F16A-4751-9980-1ACA3212AFE8}.Debug|x86.Build.0 = Debug|Any CPU
		{EFB2EB74-F16A-4751-9980-1ACA3212AFE8}.Debug-xPlatform|Any CPU.ActiveCfg = Debug-xPlatform|Any CPU
		{EFB2EB74-F16A-4751-9980-1ACA3212AFE8}.Debug-xPlatform|Any CPU.Build.0 = Debug-xPlatform|Any CPU
		{EFB2EB74-F16A-4751-9980-1ACA3212AFE8}.Debug-xPlatform|x64.ActiveCfg = Debug-xPlatform|Any CPU
		{EFB2EB74-F16A-4751-9980-1ACA3212AFE8}.Debug-xPlatform|x64.Build.0 = Debug-xPlatform|Any CPU
		{EFB2EB74-F16A-4751-9980-1ACA3212AFE8}.Debug-xPlatform|x86.ActiveCfg = Debug-xPlatform|Any CPU
		{EFB2EB74-F16A-4751-9980-1ACA3212AFE8}.Debug-xPlatform|x86.Build.0 = Debug-xPlatform|Any CPU
		{EFB2EB74-F16A-4751-9980-1ACA3212AFE8}.Release|Any CPU.ActiveCfg = Release|Any CPU
		{EFB2EB74-F16A-4751-9980-1ACA3212AFE8}.Release|Any CPU.Build.0 = Release|Any CPU
		{EFB2EB74-F16A-4751-9980-1ACA3212AFE8}.Release|x64.ActiveCfg = Release|Any CPU
		{EFB2EB74-F16A-4751-9980-1ACA3212AFE8}.Release|x64.Build.0 = Release|Any CPU
		{EFB2EB74-F16A-4751-9980-1ACA3212AFE8}.Release|x86.ActiveCfg = Release|Any CPU
		{EFB2EB74-F16A-4751-9980-1ACA3212AFE8}.Release|x86.Build.0 = Release|Any CPU
		{EFB2EB74-F16A-4751-9980-1ACA3212AFE8}.Release-xPlatform|Any CPU.ActiveCfg = Release-xPlatform|Any CPU
		{EFB2EB74-F16A-4751-9980-1ACA3212AFE8}.Release-xPlatform|Any CPU.Build.0 = Release-xPlatform|Any CPU
		{EFB2EB74-F16A-4751-9980-1ACA3212AFE8}.Release-xPlatform|x64.ActiveCfg = Release-xPlatform|Any CPU
		{EFB2EB74-F16A-4751-9980-1ACA3212AFE8}.Release-xPlatform|x64.Build.0 = Release-xPlatform|Any CPU
		{EFB2EB74-F16A-4751-9980-1ACA3212AFE8}.Release-xPlatform|x86.ActiveCfg = Release-xPlatform|Any CPU
		{EFB2EB74-F16A-4751-9980-1ACA3212AFE8}.Release-xPlatform|x86.Build.0 = Release-xPlatform|Any CPU
		{A0844A49-2AAA-4D38-831C-86FD2CB810DB}.Debug|Any CPU.ActiveCfg = Debug|Any CPU
		{A0844A49-2AAA-4D38-831C-86FD2CB810DB}.Debug|Any CPU.Build.0 = Debug|Any CPU
		{A0844A49-2AAA-4D38-831C-86FD2CB810DB}.Debug|x64.ActiveCfg = Debug|Any CPU
		{A0844A49-2AAA-4D38-831C-86FD2CB810DB}.Debug|x64.Build.0 = Debug|Any CPU
		{A0844A49-2AAA-4D38-831C-86FD2CB810DB}.Debug|x86.ActiveCfg = Debug|Any CPU
		{A0844A49-2AAA-4D38-831C-86FD2CB810DB}.Debug|x86.Build.0 = Debug|Any CPU
		{A0844A49-2AAA-4D38-831C-86FD2CB810DB}.Debug-xPlatform|Any CPU.ActiveCfg = Debug-xPlatform|Any CPU
		{A0844A49-2AAA-4D38-831C-86FD2CB810DB}.Debug-xPlatform|Any CPU.Build.0 = Debug-xPlatform|Any CPU
		{A0844A49-2AAA-4D38-831C-86FD2CB810DB}.Debug-xPlatform|x64.ActiveCfg = Debug-xPlatform|Any CPU
		{A0844A49-2AAA-4D38-831C-86FD2CB810DB}.Debug-xPlatform|x64.Build.0 = Debug-xPlatform|Any CPU
		{A0844A49-2AAA-4D38-831C-86FD2CB810DB}.Debug-xPlatform|x86.ActiveCfg = Debug-xPlatform|Any CPU
		{A0844A49-2AAA-4D38-831C-86FD2CB810DB}.Debug-xPlatform|x86.Build.0 = Debug-xPlatform|Any CPU
		{A0844A49-2AAA-4D38-831C-86FD2CB810DB}.Release|Any CPU.ActiveCfg = Release|Any CPU
		{A0844A49-2AAA-4D38-831C-86FD2CB810DB}.Release|Any CPU.Build.0 = Release|Any CPU
		{A0844A49-2AAA-4D38-831C-86FD2CB810DB}.Release|x64.ActiveCfg = Release|Any CPU
		{A0844A49-2AAA-4D38-831C-86FD2CB810DB}.Release|x64.Build.0 = Release|Any CPU
		{A0844A49-2AAA-4D38-831C-86FD2CB810DB}.Release|x86.ActiveCfg = Release|Any CPU
		{A0844A49-2AAA-4D38-831C-86FD2CB810DB}.Release|x86.Build.0 = Release|Any CPU
		{A0844A49-2AAA-4D38-831C-86FD2CB810DB}.Release-xPlatform|Any CPU.ActiveCfg = Release-xPlatform|Any CPU
		{A0844A49-2AAA-4D38-831C-86FD2CB810DB}.Release-xPlatform|Any CPU.Build.0 = Release-xPlatform|Any CPU
		{A0844A49-2AAA-4D38-831C-86FD2CB810DB}.Release-xPlatform|x64.ActiveCfg = Release-xPlatform|Any CPU
		{A0844A49-2AAA-4D38-831C-86FD2CB810DB}.Release-xPlatform|x64.Build.0 = Release-xPlatform|Any CPU
		{A0844A49-2AAA-4D38-831C-86FD2CB810DB}.Release-xPlatform|x86.ActiveCfg = Release-xPlatform|Any CPU
		{A0844A49-2AAA-4D38-831C-86FD2CB810DB}.Release-xPlatform|x86.Build.0 = Release-xPlatform|Any CPU
		{A3E06920-F41A-4349-9F52-BFB3E212583A}.Debug|Any CPU.ActiveCfg = Debug|Any CPU
		{A3E06920-F41A-4349-9F52-BFB3E212583A}.Debug|Any CPU.Build.0 = Debug|Any CPU
		{A3E06920-F41A-4349-9F52-BFB3E212583A}.Debug|x64.ActiveCfg = Debug|Any CPU
		{A3E06920-F41A-4349-9F52-BFB3E212583A}.Debug|x64.Build.0 = Debug|Any CPU
		{A3E06920-F41A-4349-9F52-BFB3E212583A}.Debug|x86.ActiveCfg = Debug|Any CPU
		{A3E06920-F41A-4349-9F52-BFB3E212583A}.Debug|x86.Build.0 = Debug|Any CPU
		{A3E06920-F41A-4349-9F52-BFB3E212583A}.Debug-xPlatform|Any CPU.ActiveCfg = Debug-xPlatform|Any CPU
		{A3E06920-F41A-4349-9F52-BFB3E212583A}.Debug-xPlatform|Any CPU.Build.0 = Debug-xPlatform|Any CPU
		{A3E06920-F41A-4349-9F52-BFB3E212583A}.Debug-xPlatform|x64.ActiveCfg = Debug-xPlatform|Any CPU
		{A3E06920-F41A-4349-9F52-BFB3E212583A}.Debug-xPlatform|x64.Build.0 = Debug-xPlatform|Any CPU
		{A3E06920-F41A-4349-9F52-BFB3E212583A}.Debug-xPlatform|x86.ActiveCfg = Debug-xPlatform|Any CPU
		{A3E06920-F41A-4349-9F52-BFB3E212583A}.Debug-xPlatform|x86.Build.0 = Debug-xPlatform|Any CPU
		{A3E06920-F41A-4349-9F52-BFB3E212583A}.Release|Any CPU.ActiveCfg = Release|Any CPU
		{A3E06920-F41A-4349-9F52-BFB3E212583A}.Release|Any CPU.Build.0 = Release|Any CPU
		{A3E06920-F41A-4349-9F52-BFB3E212583A}.Release|x64.ActiveCfg = Release|Any CPU
		{A3E06920-F41A-4349-9F52-BFB3E212583A}.Release|x64.Build.0 = Release|Any CPU
		{A3E06920-F41A-4349-9F52-BFB3E212583A}.Release|x86.ActiveCfg = Release|Any CPU
		{A3E06920-F41A-4349-9F52-BFB3E212583A}.Release|x86.Build.0 = Release|Any CPU
		{A3E06920-F41A-4349-9F52-BFB3E212583A}.Release-xPlatform|Any CPU.ActiveCfg = Release-xPlatform|Any CPU
		{A3E06920-F41A-4349-9F52-BFB3E212583A}.Release-xPlatform|Any CPU.Build.0 = Release-xPlatform|Any CPU
		{A3E06920-F41A-4349-9F52-BFB3E212583A}.Release-xPlatform|x64.ActiveCfg = Release-xPlatform|Any CPU
		{A3E06920-F41A-4349-9F52-BFB3E212583A}.Release-xPlatform|x64.Build.0 = Release-xPlatform|Any CPU
		{A3E06920-F41A-4349-9F52-BFB3E212583A}.Release-xPlatform|x86.ActiveCfg = Release-xPlatform|Any CPU
		{A3E06920-F41A-4349-9F52-BFB3E212583A}.Release-xPlatform|x86.Build.0 = Release-xPlatform|Any CPU
		{4D014EA9-4CB0-4CF5-A076-3A3DD143A2CF}.Debug|Any CPU.ActiveCfg = Debug|Any CPU
		{4D014EA9-4CB0-4CF5-A076-3A3DD143A2CF}.Debug|Any CPU.Build.0 = Debug|Any CPU
		{4D014EA9-4CB0-4CF5-A076-3A3DD143A2CF}.Debug|x64.ActiveCfg = Debug|Any CPU
		{4D014EA9-4CB0-4CF5-A076-3A3DD143A2CF}.Debug|x64.Build.0 = Debug|Any CPU
		{4D014EA9-4CB0-4CF5-A076-3A3DD143A2CF}.Debug|x86.ActiveCfg = Debug|Any CPU
		{4D014EA9-4CB0-4CF5-A076-3A3DD143A2CF}.Debug|x86.Build.0 = Debug|Any CPU
		{4D014EA9-4CB0-4CF5-A076-3A3DD143A2CF}.Debug-xPlatform|Any CPU.ActiveCfg = Debug-xPlatform|Any CPU
		{4D014EA9-4CB0-4CF5-A076-3A3DD143A2CF}.Debug-xPlatform|x64.ActiveCfg = Debug-xPlatform|Any CPU
		{4D014EA9-4CB0-4CF5-A076-3A3DD143A2CF}.Debug-xPlatform|x64.Build.0 = Debug-xPlatform|Any CPU
		{4D014EA9-4CB0-4CF5-A076-3A3DD143A2CF}.Debug-xPlatform|x86.ActiveCfg = Debug-xPlatform|Any CPU
		{4D014EA9-4CB0-4CF5-A076-3A3DD143A2CF}.Debug-xPlatform|x86.Build.0 = Debug-xPlatform|Any CPU
		{4D014EA9-4CB0-4CF5-A076-3A3DD143A2CF}.Release|Any CPU.ActiveCfg = Release|Any CPU
		{4D014EA9-4CB0-4CF5-A076-3A3DD143A2CF}.Release|Any CPU.Build.0 = Release|Any CPU
		{4D014EA9-4CB0-4CF5-A076-3A3DD143A2CF}.Release|x64.ActiveCfg = Release|Any CPU
		{4D014EA9-4CB0-4CF5-A076-3A3DD143A2CF}.Release|x64.Build.0 = Release|Any CPU
		{4D014EA9-4CB0-4CF5-A076-3A3DD143A2CF}.Release|x86.ActiveCfg = Release|Any CPU
		{4D014EA9-4CB0-4CF5-A076-3A3DD143A2CF}.Release|x86.Build.0 = Release|Any CPU
		{4D014EA9-4CB0-4CF5-A076-3A3DD143A2CF}.Release-xPlatform|Any CPU.ActiveCfg = Release-xPlatform|Any CPU
		{4D014EA9-4CB0-4CF5-A076-3A3DD143A2CF}.Release-xPlatform|x64.ActiveCfg = Release-xPlatform|Any CPU
		{4D014EA9-4CB0-4CF5-A076-3A3DD143A2CF}.Release-xPlatform|x64.Build.0 = Release-xPlatform|Any CPU
		{4D014EA9-4CB0-4CF5-A076-3A3DD143A2CF}.Release-xPlatform|x86.ActiveCfg = Release-xPlatform|Any CPU
		{4D014EA9-4CB0-4CF5-A076-3A3DD143A2CF}.Release-xPlatform|x86.Build.0 = Release-xPlatform|Any CPU
		{C9507263-12EC-4DA1-9ABE-2B566531F7D1}.Debug|Any CPU.ActiveCfg = Debug|Any CPU
		{C9507263-12EC-4DA1-9ABE-2B566531F7D1}.Debug|Any CPU.Build.0 = Debug|Any CPU
		{C9507263-12EC-4DA1-9ABE-2B566531F7D1}.Debug|x64.ActiveCfg = Debug|Any CPU
		{C9507263-12EC-4DA1-9ABE-2B566531F7D1}.Debug|x64.Build.0 = Debug|Any CPU
		{C9507263-12EC-4DA1-9ABE-2B566531F7D1}.Debug|x86.ActiveCfg = Debug|Any CPU
		{C9507263-12EC-4DA1-9ABE-2B566531F7D1}.Debug|x86.Build.0 = Debug|Any CPU
		{C9507263-12EC-4DA1-9ABE-2B566531F7D1}.Debug-xPlatform|Any CPU.ActiveCfg = Debug-xPlatform|Any CPU
		{C9507263-12EC-4DA1-9ABE-2B566531F7D1}.Debug-xPlatform|Any CPU.Build.0 = Debug-xPlatform|Any CPU
		{C9507263-12EC-4DA1-9ABE-2B566531F7D1}.Debug-xPlatform|x64.ActiveCfg = Debug-xPlatform|Any CPU
		{C9507263-12EC-4DA1-9ABE-2B566531F7D1}.Debug-xPlatform|x64.Build.0 = Debug-xPlatform|Any CPU
		{C9507263-12EC-4DA1-9ABE-2B566531F7D1}.Debug-xPlatform|x86.ActiveCfg = Debug-xPlatform|Any CPU
		{C9507263-12EC-4DA1-9ABE-2B566531F7D1}.Debug-xPlatform|x86.Build.0 = Debug-xPlatform|Any CPU
		{C9507263-12EC-4DA1-9ABE-2B566531F7D1}.Release|Any CPU.ActiveCfg = Release|Any CPU
		{C9507263-12EC-4DA1-9ABE-2B566531F7D1}.Release|Any CPU.Build.0 = Release|Any CPU
		{C9507263-12EC-4DA1-9ABE-2B566531F7D1}.Release|x64.ActiveCfg = Release|Any CPU
		{C9507263-12EC-4DA1-9ABE-2B566531F7D1}.Release|x64.Build.0 = Release|Any CPU
		{C9507263-12EC-4DA1-9ABE-2B566531F7D1}.Release|x86.ActiveCfg = Release|Any CPU
		{C9507263-12EC-4DA1-9ABE-2B566531F7D1}.Release|x86.Build.0 = Release|Any CPU
		{C9507263-12EC-4DA1-9ABE-2B566531F7D1}.Release-xPlatform|Any CPU.ActiveCfg = Release-xPlatform|Any CPU
		{C9507263-12EC-4DA1-9ABE-2B566531F7D1}.Release-xPlatform|Any CPU.Build.0 = Release-xPlatform|Any CPU
		{C9507263-12EC-4DA1-9ABE-2B566531F7D1}.Release-xPlatform|x64.ActiveCfg = Release-xPlatform|Any CPU
		{C9507263-12EC-4DA1-9ABE-2B566531F7D1}.Release-xPlatform|x64.Build.0 = Release-xPlatform|Any CPU
		{C9507263-12EC-4DA1-9ABE-2B566531F7D1}.Release-xPlatform|x86.ActiveCfg = Release-xPlatform|Any CPU
		{C9507263-12EC-4DA1-9ABE-2B566531F7D1}.Release-xPlatform|x86.Build.0 = Release-xPlatform|Any CPU
		{64DB2DBE-9BF4-478A-B90F-CBE8D49C96DB}.Debug|Any CPU.ActiveCfg = Debug|Any CPU
		{64DB2DBE-9BF4-478A-B90F-CBE8D49C96DB}.Debug|Any CPU.Build.0 = Debug|Any CPU
		{64DB2DBE-9BF4-478A-B90F-CBE8D49C96DB}.Debug|x64.ActiveCfg = Debug|Any CPU
		{64DB2DBE-9BF4-478A-B90F-CBE8D49C96DB}.Debug|x64.Build.0 = Debug|Any CPU
		{64DB2DBE-9BF4-478A-B90F-CBE8D49C96DB}.Debug|x86.ActiveCfg = Debug|Any CPU
		{64DB2DBE-9BF4-478A-B90F-CBE8D49C96DB}.Debug|x86.Build.0 = Debug|Any CPU
		{64DB2DBE-9BF4-478A-B90F-CBE8D49C96DB}.Debug-xPlatform|Any CPU.ActiveCfg = Debug-xPlatform|Any CPU
		{64DB2DBE-9BF4-478A-B90F-CBE8D49C96DB}.Debug-xPlatform|Any CPU.Build.0 = Debug-xPlatform|Any CPU
		{64DB2DBE-9BF4-478A-B90F-CBE8D49C96DB}.Debug-xPlatform|x64.ActiveCfg = Debug-xPlatform|Any CPU
		{64DB2DBE-9BF4-478A-B90F-CBE8D49C96DB}.Debug-xPlatform|x64.Build.0 = Debug-xPlatform|Any CPU
		{64DB2DBE-9BF4-478A-B90F-CBE8D49C96DB}.Debug-xPlatform|x86.ActiveCfg = Debug-xPlatform|Any CPU
		{64DB2DBE-9BF4-478A-B90F-CBE8D49C96DB}.Debug-xPlatform|x86.Build.0 = Debug-xPlatform|Any CPU
		{64DB2DBE-9BF4-478A-B90F-CBE8D49C96DB}.Release|Any CPU.ActiveCfg = Release|Any CPU
		{64DB2DBE-9BF4-478A-B90F-CBE8D49C96DB}.Release|Any CPU.Build.0 = Release|Any CPU
		{64DB2DBE-9BF4-478A-B90F-CBE8D49C96DB}.Release|x64.ActiveCfg = Release|Any CPU
		{64DB2DBE-9BF4-478A-B90F-CBE8D49C96DB}.Release|x64.Build.0 = Release|Any CPU
		{64DB2DBE-9BF4-478A-B90F-CBE8D49C96DB}.Release|x86.ActiveCfg = Release|Any CPU
		{64DB2DBE-9BF4-478A-B90F-CBE8D49C96DB}.Release|x86.Build.0 = Release|Any CPU
		{64DB2DBE-9BF4-478A-B90F-CBE8D49C96DB}.Release-xPlatform|Any CPU.ActiveCfg = Release-xPlatform|Any CPU
		{64DB2DBE-9BF4-478A-B90F-CBE8D49C96DB}.Release-xPlatform|Any CPU.Build.0 = Release-xPlatform|Any CPU
		{64DB2DBE-9BF4-478A-B90F-CBE8D49C96DB}.Release-xPlatform|x64.ActiveCfg = Release-xPlatform|Any CPU
		{64DB2DBE-9BF4-478A-B90F-CBE8D49C96DB}.Release-xPlatform|x64.Build.0 = Release-xPlatform|Any CPU
		{64DB2DBE-9BF4-478A-B90F-CBE8D49C96DB}.Release-xPlatform|x86.ActiveCfg = Release-xPlatform|Any CPU
		{64DB2DBE-9BF4-478A-B90F-CBE8D49C96DB}.Release-xPlatform|x86.Build.0 = Release-xPlatform|Any CPU
		{7141F290-DD46-4F70-B881-CC08023CA57F}.Debug|Any CPU.ActiveCfg = Debug|Any CPU
		{7141F290-DD46-4F70-B881-CC08023CA57F}.Debug|Any CPU.Build.0 = Debug|Any CPU
		{7141F290-DD46-4F70-B881-CC08023CA57F}.Debug|x64.ActiveCfg = Debug|Any CPU
		{7141F290-DD46-4F70-B881-CC08023CA57F}.Debug|x64.Build.0 = Debug|Any CPU
		{7141F290-DD46-4F70-B881-CC08023CA57F}.Debug|x86.ActiveCfg = Debug|Any CPU
		{7141F290-DD46-4F70-B881-CC08023CA57F}.Debug|x86.Build.0 = Debug|Any CPU
		{7141F290-DD46-4F70-B881-CC08023CA57F}.Debug-xPlatform|Any CPU.ActiveCfg = Debug-xPlatform|Any CPU
		{7141F290-DD46-4F70-B881-CC08023CA57F}.Debug-xPlatform|Any CPU.Build.0 = Debug-xPlatform|Any CPU
		{7141F290-DD46-4F70-B881-CC08023CA57F}.Debug-xPlatform|x64.ActiveCfg = Debug-xPlatform|Any CPU
		{7141F290-DD46-4F70-B881-CC08023CA57F}.Debug-xPlatform|x64.Build.0 = Debug-xPlatform|Any CPU
		{7141F290-DD46-4F70-B881-CC08023CA57F}.Debug-xPlatform|x86.ActiveCfg = Debug-xPlatform|Any CPU
		{7141F290-DD46-4F70-B881-CC08023CA57F}.Debug-xPlatform|x86.Build.0 = Debug-xPlatform|Any CPU
		{7141F290-DD46-4F70-B881-CC08023CA57F}.Release|Any CPU.ActiveCfg = Release|Any CPU
		{7141F290-DD46-4F70-B881-CC08023CA57F}.Release|Any CPU.Build.0 = Release|Any CPU
		{7141F290-DD46-4F70-B881-CC08023CA57F}.Release|x64.ActiveCfg = Release|Any CPU
		{7141F290-DD46-4F70-B881-CC08023CA57F}.Release|x64.Build.0 = Release|Any CPU
		{7141F290-DD46-4F70-B881-CC08023CA57F}.Release|x86.ActiveCfg = Release|Any CPU
		{7141F290-DD46-4F70-B881-CC08023CA57F}.Release|x86.Build.0 = Release|Any CPU
		{7141F290-DD46-4F70-B881-CC08023CA57F}.Release-xPlatform|Any CPU.ActiveCfg = Release-xPlatform|Any CPU
		{7141F290-DD46-4F70-B881-CC08023CA57F}.Release-xPlatform|Any CPU.Build.0 = Release-xPlatform|Any CPU
		{7141F290-DD46-4F70-B881-CC08023CA57F}.Release-xPlatform|x64.ActiveCfg = Release-xPlatform|Any CPU
		{7141F290-DD46-4F70-B881-CC08023CA57F}.Release-xPlatform|x64.Build.0 = Release-xPlatform|Any CPU
		{7141F290-DD46-4F70-B881-CC08023CA57F}.Release-xPlatform|x86.ActiveCfg = Release-xPlatform|Any CPU
		{7141F290-DD46-4F70-B881-CC08023CA57F}.Release-xPlatform|x86.Build.0 = Release-xPlatform|Any CPU
		{5B3EBD7E-3618-456C-9C08-CD9AC259CC59}.Debug|Any CPU.ActiveCfg = Debug|Any CPU
		{5B3EBD7E-3618-456C-9C08-CD9AC259CC59}.Debug|Any CPU.Build.0 = Debug|Any CPU
		{5B3EBD7E-3618-456C-9C08-CD9AC259CC59}.Debug|x64.ActiveCfg = Debug|Any CPU
		{5B3EBD7E-3618-456C-9C08-CD9AC259CC59}.Debug|x64.Build.0 = Debug|Any CPU
		{5B3EBD7E-3618-456C-9C08-CD9AC259CC59}.Debug|x86.ActiveCfg = Debug|Any CPU
		{5B3EBD7E-3618-456C-9C08-CD9AC259CC59}.Debug|x86.Build.0 = Debug|Any CPU
		{5B3EBD7E-3618-456C-9C08-CD9AC259CC59}.Debug-xPlatform|Any CPU.ActiveCfg = Debug-xPlatform|Any CPU
		{5B3EBD7E-3618-456C-9C08-CD9AC259CC59}.Debug-xPlatform|Any CPU.Build.0 = Debug-xPlatform|Any CPU
		{5B3EBD7E-3618-456C-9C08-CD9AC259CC59}.Debug-xPlatform|x64.ActiveCfg = Debug-xPlatform|Any CPU
		{5B3EBD7E-3618-456C-9C08-CD9AC259CC59}.Debug-xPlatform|x64.Build.0 = Debug-xPlatform|Any CPU
		{5B3EBD7E-3618-456C-9C08-CD9AC259CC59}.Debug-xPlatform|x86.ActiveCfg = Debug-xPlatform|Any CPU
		{5B3EBD7E-3618-456C-9C08-CD9AC259CC59}.Debug-xPlatform|x86.Build.0 = Debug-xPlatform|Any CPU
		{5B3EBD7E-3618-456C-9C08-CD9AC259CC59}.Release|Any CPU.ActiveCfg = Release|Any CPU
		{5B3EBD7E-3618-456C-9C08-CD9AC259CC59}.Release|Any CPU.Build.0 = Release|Any CPU
		{5B3EBD7E-3618-456C-9C08-CD9AC259CC59}.Release|x64.ActiveCfg = Release|Any CPU
		{5B3EBD7E-3618-456C-9C08-CD9AC259CC59}.Release|x64.Build.0 = Release|Any CPU
		{5B3EBD7E-3618-456C-9C08-CD9AC259CC59}.Release|x86.ActiveCfg = Release|Any CPU
		{5B3EBD7E-3618-456C-9C08-CD9AC259CC59}.Release|x86.Build.0 = Release|Any CPU
		{5B3EBD7E-3618-456C-9C08-CD9AC259CC59}.Release-xPlatform|Any CPU.ActiveCfg = Release-xPlatform|Any CPU
		{5B3EBD7E-3618-456C-9C08-CD9AC259CC59}.Release-xPlatform|Any CPU.Build.0 = Release-xPlatform|Any CPU
		{5B3EBD7E-3618-456C-9C08-CD9AC259CC59}.Release-xPlatform|x64.ActiveCfg = Release-xPlatform|Any CPU
		{5B3EBD7E-3618-456C-9C08-CD9AC259CC59}.Release-xPlatform|x64.Build.0 = Release-xPlatform|Any CPU
		{5B3EBD7E-3618-456C-9C08-CD9AC259CC59}.Release-xPlatform|x86.ActiveCfg = Release-xPlatform|Any CPU
		{5B3EBD7E-3618-456C-9C08-CD9AC259CC59}.Release-xPlatform|x86.Build.0 = Release-xPlatform|Any CPU
		{941854DE-1C17-4C13-B82B-ED2CCB0559A3}.Debug|Any CPU.ActiveCfg = Debug|Any CPU
		{941854DE-1C17-4C13-B82B-ED2CCB0559A3}.Debug|Any CPU.Build.0 = Debug|Any CPU
		{941854DE-1C17-4C13-B82B-ED2CCB0559A3}.Debug|x64.ActiveCfg = Debug|Any CPU
		{941854DE-1C17-4C13-B82B-ED2CCB0559A3}.Debug|x64.Build.0 = Debug|Any CPU
		{941854DE-1C17-4C13-B82B-ED2CCB0559A3}.Debug|x86.ActiveCfg = Debug|Any CPU
		{941854DE-1C17-4C13-B82B-ED2CCB0559A3}.Debug|x86.Build.0 = Debug|Any CPU
		{941854DE-1C17-4C13-B82B-ED2CCB0559A3}.Debug-xPlatform|Any CPU.ActiveCfg = Debug-xPlatform|Any CPU
		{941854DE-1C17-4C13-B82B-ED2CCB0559A3}.Debug-xPlatform|Any CPU.Build.0 = Debug-xPlatform|Any CPU
		{941854DE-1C17-4C13-B82B-ED2CCB0559A3}.Debug-xPlatform|x64.ActiveCfg = Debug-xPlatform|Any CPU
		{941854DE-1C17-4C13-B82B-ED2CCB0559A3}.Debug-xPlatform|x64.Build.0 = Debug-xPlatform|Any CPU
		{941854DE-1C17-4C13-B82B-ED2CCB0559A3}.Debug-xPlatform|x86.ActiveCfg = Debug-xPlatform|Any CPU
		{941854DE-1C17-4C13-B82B-ED2CCB0559A3}.Release|Any CPU.ActiveCfg = Release|Any CPU
		{941854DE-1C17-4C13-B82B-ED2CCB0559A3}.Release|Any CPU.Build.0 = Release|Any CPU
		{941854DE-1C17-4C13-B82B-ED2CCB0559A3}.Release|x64.ActiveCfg = Release|Any CPU
		{941854DE-1C17-4C13-B82B-ED2CCB0559A3}.Release|x64.Build.0 = Release|Any CPU
		{941854DE-1C17-4C13-B82B-ED2CCB0559A3}.Release|x86.ActiveCfg = Release|Any CPU
		{941854DE-1C17-4C13-B82B-ED2CCB0559A3}.Release|x86.Build.0 = Release|Any CPU
		{941854DE-1C17-4C13-B82B-ED2CCB0559A3}.Release-xPlatform|Any CPU.ActiveCfg = Release-xPlatform|Any CPU
		{941854DE-1C17-4C13-B82B-ED2CCB0559A3}.Release-xPlatform|Any CPU.Build.0 = Release-xPlatform|Any CPU
		{941854DE-1C17-4C13-B82B-ED2CCB0559A3}.Release-xPlatform|x64.ActiveCfg = Release-xPlatform|Any CPU
		{941854DE-1C17-4C13-B82B-ED2CCB0559A3}.Release-xPlatform|x64.Build.0 = Release-xPlatform|Any CPU
		{941854DE-1C17-4C13-B82B-ED2CCB0559A3}.Release-xPlatform|x86.ActiveCfg = Release-xPlatform|Any CPU
		{E00A5214-1F80-4FAC-A968-1B1EAAF03EAA}.Debug|Any CPU.ActiveCfg = Debug|Any CPU
		{E00A5214-1F80-4FAC-A968-1B1EAAF03EAA}.Debug|Any CPU.Build.0 = Debug|Any CPU
		{E00A5214-1F80-4FAC-A968-1B1EAAF03EAA}.Debug|x64.ActiveCfg = Debug|Any CPU
		{E00A5214-1F80-4FAC-A968-1B1EAAF03EAA}.Debug|x64.Build.0 = Debug|Any CPU
		{E00A5214-1F80-4FAC-A968-1B1EAAF03EAA}.Debug|x86.ActiveCfg = Debug|Any CPU
		{E00A5214-1F80-4FAC-A968-1B1EAAF03EAA}.Debug|x86.Build.0 = Debug|Any CPU
		{E00A5214-1F80-4FAC-A968-1B1EAAF03EAA}.Debug-xPlatform|Any CPU.ActiveCfg = Debug|Any CPU
		{E00A5214-1F80-4FAC-A968-1B1EAAF03EAA}.Debug-xPlatform|Any CPU.Build.0 = Debug|Any CPU
		{E00A5214-1F80-4FAC-A968-1B1EAAF03EAA}.Debug-xPlatform|x64.ActiveCfg = Debug|Any CPU
		{E00A5214-1F80-4FAC-A968-1B1EAAF03EAA}.Debug-xPlatform|x64.Build.0 = Debug|Any CPU
		{E00A5214-1F80-4FAC-A968-1B1EAAF03EAA}.Debug-xPlatform|x86.ActiveCfg = Debug|Any CPU
		{E00A5214-1F80-4FAC-A968-1B1EAAF03EAA}.Debug-xPlatform|x86.Build.0 = Debug|Any CPU
		{E00A5214-1F80-4FAC-A968-1B1EAAF03EAA}.Release|Any CPU.ActiveCfg = Release|Any CPU
		{E00A5214-1F80-4FAC-A968-1B1EAAF03EAA}.Release|Any CPU.Build.0 = Release|Any CPU
		{E00A5214-1F80-4FAC-A968-1B1EAAF03EAA}.Release|x64.ActiveCfg = Release|Any CPU
		{E00A5214-1F80-4FAC-A968-1B1EAAF03EAA}.Release|x64.Build.0 = Release|Any CPU
		{E00A5214-1F80-4FAC-A968-1B1EAAF03EAA}.Release|x86.ActiveCfg = Release|Any CPU
		{E00A5214-1F80-4FAC-A968-1B1EAAF03EAA}.Release|x86.Build.0 = Release|Any CPU
		{E00A5214-1F80-4FAC-A968-1B1EAAF03EAA}.Release-xPlatform|Any CPU.ActiveCfg = Release|Any CPU
		{E00A5214-1F80-4FAC-A968-1B1EAAF03EAA}.Release-xPlatform|Any CPU.Build.0 = Release|Any CPU
		{E00A5214-1F80-4FAC-A968-1B1EAAF03EAA}.Release-xPlatform|x64.ActiveCfg = Release|Any CPU
		{E00A5214-1F80-4FAC-A968-1B1EAAF03EAA}.Release-xPlatform|x64.Build.0 = Release|Any CPU
		{E00A5214-1F80-4FAC-A968-1B1EAAF03EAA}.Release-xPlatform|x86.ActiveCfg = Release|Any CPU
		{E00A5214-1F80-4FAC-A968-1B1EAAF03EAA}.Release-xPlatform|x86.Build.0 = Release|Any CPU
	EndGlobalSection
	GlobalSection(SolutionProperties) = preSolution
		HideSolutionNode = FALSE
	EndGlobalSection
	GlobalSection(NestedProjects) = preSolution
		{64DB2DBE-9BF4-478A-B90F-CBE8D49C96DB} = {5959B55F-7401-4D85-A629-B81B974119A2}
		{941854DE-1C17-4C13-B82B-ED2CCB0559A3} = {5959B55F-7401-4D85-A629-B81B974119A2}
	EndGlobalSection
	GlobalSection(ExtensibilityGlobals) = postSolution
		SolutionGuid = {C92B9F67-8B7F-4D7B-884C-731EC53F9FFB}
	EndGlobalSection
EndGlobal
