
Microsoft Visual Studio Solution File, Format Version 12.00
# Visual Studio 15
VisualStudioVersion = 15.0.26206.0
MinimumVisualStudioVersion = 10.0.40219.1
Project("{9A19103F-16F7-4668-BE54-9A1E7A4F7556}") = "Evelyn.Agent", "Evelyn.Agent\Evelyn.Agent.csproj", "{1EC193A3-E666-4E66-AA32-50CDDF715A50}"
EndProject
Project("{2150E333-8FDC-42A3-9474-1A3956D46DE8}") = "Solution Items", "Solution Items", "{01DEC9E0-EDE3-470D-B395-9CB29BE212E3}"
	ProjectSection(SolutionItems) = preProject
		..\.gitignore = ..\.gitignore
		..\build.cake = ..\build.cake
		..\build.ps1 = ..\build.ps1
		..\LICENSE = ..\LICENSE
		..\README.md = ..\README.md
		..\release.ps1 = ..\release.ps1
		..\version.ps1 = ..\version.ps1
	EndProjectSection
EndProject
Project("{FAE04EC0-301F-11D3-BF4B-00C04F79EFBC}") = "Evelyn.Agent.UnitTests", "Evelyn.Agent.UnitTests\Evelyn.Agent.UnitTests.csproj", "{B7450222-05D5-44CE-AC56-EFA49392ADF9}"
EndProject
Global
	GlobalSection(SolutionConfigurationPlatforms) = preSolution
		Debug|Any CPU = Debug|Any CPU
		Debug|x64 = Debug|x64
		Debug|x86 = Debug|x86
		Release|Any CPU = Release|Any CPU
		Release|x64 = Release|x64
		Release|x86 = Release|x86
	EndGlobalSection
	GlobalSection(ProjectConfigurationPlatforms) = postSolution
		{1EC193A3-E666-4E66-AA32-50CDDF715A50}.Debug|Any CPU.ActiveCfg = Debug|Any CPU
		{1EC193A3-E666-4E66-AA32-50CDDF715A50}.Debug|Any CPU.Build.0 = Debug|Any CPU
		{1EC193A3-E666-4E66-AA32-50CDDF715A50}.Debug|x64.ActiveCfg = Debug|x64
		{1EC193A3-E666-4E66-AA32-50CDDF715A50}.Debug|x64.Build.0 = Debug|x64
		{1EC193A3-E666-4E66-AA32-50CDDF715A50}.Debug|x86.ActiveCfg = Debug|x86
		{1EC193A3-E666-4E66-AA32-50CDDF715A50}.Debug|x86.Build.0 = Debug|x86
		{1EC193A3-E666-4E66-AA32-50CDDF715A50}.Release|Any CPU.ActiveCfg = Release|Any CPU
		{1EC193A3-E666-4E66-AA32-50CDDF715A50}.Release|Any CPU.Build.0 = Release|Any CPU
		{1EC193A3-E666-4E66-AA32-50CDDF715A50}.Release|x64.ActiveCfg = Release|x64
		{1EC193A3-E666-4E66-AA32-50CDDF715A50}.Release|x64.Build.0 = Release|x64
		{1EC193A3-E666-4E66-AA32-50CDDF715A50}.Release|x86.ActiveCfg = Release|x86
		{1EC193A3-E666-4E66-AA32-50CDDF715A50}.Release|x86.Build.0 = Release|x86
		{B7450222-05D5-44CE-AC56-EFA49392ADF9}.Debug|Any CPU.ActiveCfg = Debug|Any CPU
		{B7450222-05D5-44CE-AC56-EFA49392ADF9}.Debug|Any CPU.Build.0 = Debug|Any CPU
		{B7450222-05D5-44CE-AC56-EFA49392ADF9}.Debug|x64.ActiveCfg = Debug|x64
		{B7450222-05D5-44CE-AC56-EFA49392ADF9}.Debug|x64.Build.0 = Debug|x64
		{B7450222-05D5-44CE-AC56-EFA49392ADF9}.Debug|x86.ActiveCfg = Debug|x86
		{B7450222-05D5-44CE-AC56-EFA49392ADF9}.Debug|x86.Build.0 = Debug|x86
		{B7450222-05D5-44CE-AC56-EFA49392ADF9}.Release|Any CPU.ActiveCfg = Release|Any CPU
		{B7450222-05D5-44CE-AC56-EFA49392ADF9}.Release|Any CPU.Build.0 = Release|Any CPU
		{B7450222-05D5-44CE-AC56-EFA49392ADF9}.Release|x64.ActiveCfg = Release|x64
		{B7450222-05D5-44CE-AC56-EFA49392ADF9}.Release|x64.Build.0 = Release|x64
		{B7450222-05D5-44CE-AC56-EFA49392ADF9}.Release|x86.ActiveCfg = Release|x86
		{B7450222-05D5-44CE-AC56-EFA49392ADF9}.Release|x86.Build.0 = Release|x86
	EndGlobalSection
	GlobalSection(SolutionProperties) = preSolution
		HideSolutionNode = FALSE
	EndGlobalSection
EndGlobal
